
Microsoft Visual Studio Solution File, Format Version 12.00
# Visual Studio Version 16
VisualStudioVersion = 16.0.31410.357
MinimumVisualStudioVersion = 10.0.40219.1
Project("{FAE04EC0-301F-11D3-BF4B-00C04F79EFBC}") = "DevDLLAssistant", "DevDLLAssistant\DevDLLAssistant.csproj", "{D3C7A41F-6799-4778-AA48-55F46FD0B580}"
EndProject
Project("{FAE04EC0-301F-11D3-BF4B-00C04F79EFBC}") = "DevDLLAssistantLib", "DevDLLAssistantLib\DevDLLAssistantLib.csproj", "{5D0C01B0-1499-46CA-870F-B9D290E6BB2D}"
EndProject
Global
	GlobalSection(SolutionConfigurationPlatforms) = preSolution
		Debug|Any CPU = Debug|Any CPU
		Release|Any CPU = Release|Any CPU
	EndGlobalSection
	GlobalSection(ProjectConfigurationPlatforms) = postSolution
		{D3C7A41F-6799-4778-AA48-55F46FD0B580}.Debug|Any CPU.ActiveCfg = Debug|Any CPU
		{D3C7A41F-6799-4778-AA48-55F46FD0B580}.Debug|Any CPU.Build.0 = Debug|Any CPU
		{D3C7A41F-6799-4778-AA48-55F46FD0B580}.Release|Any CPU.ActiveCfg = Release|Any CPU
		{D3C7A41F-6799-4778-AA48-55F46FD0B580}.Release|Any CPU.Build.0 = Release|Any CPU
		{5D0C01B0-1499-46CA-870F-B9D290E6BB2D}.Debug|Any CPU.ActiveCfg = Debug|Any CPU
		{5D0C01B0-1499-46CA-870F-B9D290E6BB2D}.Debug|Any CPU.Build.0 = Debug|Any CPU
		{5D0C01B0-1499-46CA-870F-B9D290E6BB2D}.Release|Any CPU.ActiveCfg = Release|Any CPU
		{5D0C01B0-1499-46CA-870F-B9D290E6BB2D}.Release|Any CPU.Build.0 = Release|Any CPU
	EndGlobalSection
	GlobalSection(SolutionProperties) = preSolution
		HideSolutionNode = FALSE
	EndGlobalSection
	GlobalSection(ExtensibilityGlobals) = postSolution
		SolutionGuid = {8258B897-86CC-4BFA-B94E-FB0AABE18A6F}
	EndGlobalSection
EndGlobal
